
Microsoft Visual Studio Solution File, Format Version 12.00
# Visual Studio Version 17
VisualStudioVersion = 17.0.31912.275
MinimumVisualStudioVersion = 10.0.40219.1
Project("{9A19103F-16F7-4668-BE54-9A1E7A4F7556}") = "TrackerLibrary", "TrackerLibrary\TrackerLibrary.csproj", "{48B19D25-DBA8-492E-AF21-1B39B652B938}"
EndProject
Project("{9A19103F-16F7-4668-BE54-9A1E7A4F7556}") = "TrackerUI", "TrackerUI\TrackerUI.csproj", "{540AF865-AC21-4C9B-8616-C10B7FB6D9EE}"
EndProject
Global
	GlobalSection(SolutionConfigurationPlatforms) = preSolution
		Debug|Any CPU = Debug|Any CPU
		Release|Any CPU = Release|Any CPU
	EndGlobalSection
	GlobalSection(ProjectConfigurationPlatforms) = postSolution
		{48B19D25-DBA8-492E-AF21-1B39B652B938}.Debug|Any CPU.ActiveCfg = Debug|Any CPU
		{48B19D25-DBA8-492E-AF21-1B39B652B938}.Debug|Any CPU.Build.0 = Debug|Any CPU
		{48B19D25-DBA8-492E-AF21-1B39B652B938}.Release|Any CPU.ActiveCfg = Release|Any CPU
		{48B19D25-DBA8-492E-AF21-1B39B652B938}.Release|Any CPU.Build.0 = Release|Any CPU
		{540AF865-AC21-4C9B-8616-C10B7FB6D9EE}.Debug|Any CPU.ActiveCfg = Debug|Any CPU
		{540AF865-AC21-4C9B-8616-C10B7FB6D9EE}.Debug|Any CPU.Build.0 = Debug|Any CPU
		{540AF865-AC21-4C9B-8616-C10B7FB6D9EE}.Release|Any CPU.ActiveCfg = Release|Any CPU
		{540AF865-AC21-4C9B-8616-C10B7FB6D9EE}.Release|Any CPU.Build.0 = Release|Any CPU
	EndGlobalSection
	GlobalSection(SolutionProperties) = preSolution
		HideSolutionNode = FALSE
	EndGlobalSection
	GlobalSection(ExtensibilityGlobals) = postSolution
		SolutionGuid = {D2DA46C5-7A28-441D-94E0-C0C1CB004802}
	EndGlobalSection
EndGlobal
